
Microsoft Visual Studio Solution File, Format Version 12.00
# Visual Studio Version 17
VisualStudioVersion = 17.9.34728.123
MinimumVisualStudioVersion = 10.0.40219.1
Project("{9A19103F-16F7-4668-BE54-9A1E7A4F7556}") = "Web.Application.Pernos", "Web.Application.Pernos\Web.Application.Pernos.csproj", "{83BEA04D-7754-4D98-80EC-E9B1A58EB56B}"
EndProject
Project("{9A19103F-16F7-4668-BE54-9A1E7A4F7556}") = "KCO.PERNOS.Business.Entity.Layer", "JSD.PERNOS.Business.Entity.Layer\KCO.PERNOS.Business.Entity.Layer.csproj", "{6DB342FC-1358-44BE-9477-867444F0EDAB}"
EndProject
Project("{9A19103F-16F7-4668-BE54-9A1E7A4F7556}") = "KCO.PERNOS.DTO", "JSD.PERNOS.DTO\KCO.PERNOS.DTO.csproj", "{9F58B866-CE2D-4359-BE79-5F97C72296FD}"
EndProject
Project("{9A19103F-16F7-4668-BE54-9A1E7A4F7556}") = "KCO.PERNOS.Data.Access.Layer", "JSD.PERNOS.Data.Access.Layer\KCO.PERNOS.Data.Access.Layer.csproj", "{D0C33DEB-03A9-4959-808B-2E2329016C55}"
EndProject
Project("{9A19103F-16F7-4668-BE54-9A1E7A4F7556}") = "KCO.PERNOS.Business.Logic.Layer", "JSD.PERNOS.Business.Logic.Layer\KCO.PERNOS.Business.Logic.Layer.csproj", "{5DF45CA2-D264-4305-8B6D-1E462DB285B0}"
EndProject
Global
	GlobalSection(SolutionConfigurationPlatforms) = preSolution
		Debug|Any CPU = Debug|Any CPU
		Release|Any CPU = Release|Any CPU
	EndGlobalSection
	GlobalSection(ProjectConfigurationPlatforms) = postSolution
		{83BEA04D-7754-4D98-80EC-E9B1A58EB56B}.Debug|Any CPU.ActiveCfg = Debug|Any CPU
		{83BEA04D-7754-4D98-80EC-E9B1A58EB56B}.Debug|Any CPU.Build.0 = Debug|Any CPU
		{83BEA04D-7754-4D98-80EC-E9B1A58EB56B}.Release|Any CPU.ActiveCfg = Release|Any CPU
		{83BEA04D-7754-4D98-80EC-E9B1A58EB56B}.Release|Any CPU.Build.0 = Release|Any CPU
		{6DB342FC-1358-44BE-9477-867444F0EDAB}.Debug|Any CPU.ActiveCfg = Debug|Any CPU
		{6DB342FC-1358-44BE-9477-867444F0EDAB}.Debug|Any CPU.Build.0 = Debug|Any CPU
		{6DB342FC-1358-44BE-9477-867444F0EDAB}.Release|Any CPU.ActiveCfg = Release|Any CPU
		{6DB342FC-1358-44BE-9477-867444F0EDAB}.Release|Any CPU.Build.0 = Release|Any CPU
		{9F58B866-CE2D-4359-BE79-5F97C72296FD}.Debug|Any CPU.ActiveCfg = Debug|Any CPU
		{9F58B866-CE2D-4359-BE79-5F97C72296FD}.Debug|Any CPU.Build.0 = Debug|Any CPU
		{9F58B866-CE2D-4359-BE79-5F97C72296FD}.Release|Any CPU.ActiveCfg = Release|Any CPU
		{9F58B866-CE2D-4359-BE79-5F97C72296FD}.Release|Any CPU.Build.0 = Release|Any CPU
		{D0C33DEB-03A9-4959-808B-2E2329016C55}.Debug|Any CPU.ActiveCfg = Debug|Any CPU
		{D0C33DEB-03A9-4959-808B-2E2329016C55}.Debug|Any CPU.Build.0 = Debug|Any CPU
		{D0C33DEB-03A9-4959-808B-2E2329016C55}.Release|Any CPU.ActiveCfg = Release|Any CPU
		{D0C33DEB-03A9-4959-808B-2E2329016C55}.Release|Any CPU.Build.0 = Release|Any CPU
		{5DF45CA2-D264-4305-8B6D-1E462DB285B0}.Debug|Any CPU.ActiveCfg = Debug|Any CPU
		{5DF45CA2-D264-4305-8B6D-1E462DB285B0}.Debug|Any CPU.Build.0 = Debug|Any CPU
		{5DF45CA2-D264-4305-8B6D-1E462DB285B0}.Release|Any CPU.ActiveCfg = Release|Any CPU
		{5DF45CA2-D264-4305-8B6D-1E462DB285B0}.Release|Any CPU.Build.0 = Release|Any CPU
	EndGlobalSection
	GlobalSection(SolutionProperties) = preSolution
		HideSolutionNode = FALSE
	EndGlobalSection
	GlobalSection(ExtensibilityGlobals) = postSolution
		SolutionGuid = {7185996C-0745-44E5-A38A-4AC036EEBE18}
	EndGlobalSection
EndGlobal
